<?xml version="1.0" encoding="utf-8"?>
<Project ToolsVersion="4.0" xmlns="http://schemas.microsoft.com/developer/msbuild/2003">
  <ItemGroup>
    <Filter Include="Base">
      <UniqueIdentifier>{eeba5af4-445d-490a-aa91-8be0596a2c60}</UniqueIdentifier>
    </Filter>
    <Filter Include="Dialog">
      <UniqueIdentifier>{878e42ec-9e3b-4a57-8bb6-635697c63979}</UniqueIdentifier>
    </Filter>
    <Filter Include="Generated Files">
      <UniqueIdentifier>{c3d0033b-6b50-4969-8f08-3eebbd8a5f8e}</UniqueIdentifier>
    </Filter>
    <Filter Include="Resource Files">
      <UniqueIdentifier>{ac7ae10b-380f-42f3-b81b-8d5830a8ea51}</UniqueIdentifier>
    </Filter>
    <Filter Include="Headers Files">
      <UniqueIdentifier>{a6e1cfe6-8917-49d6-bd24-89977ab140ac}</UniqueIdentifier>
    </Filter>
    <Filter Include="Source Files">
      <UniqueIdentifier>{8d9311bd-1395-494a-91ac-51133086bdee}</UniqueIdentifier>
    </Filter>
  </ItemGroup>
  <ItemGroup>
    <ClCompile Include="Base\MathBase.cpp">
      <Filter>Base</Filter>
    </ClCompile>
    <ClCompile Include="Base\PathModel.cpp">
      <Filter>Base</Filter>
    </ClCompile>
    <ClCompile Include="Dialog\BuildTubeDlg.cpp">
      <Filter>Dialog</Filter>
    </ClCompile>
    <ClCompile Include="Dialog\CutParamDlg.cpp">
      <Filter>Dialog</Filter>
    </ClCompile>
    <ClCompile Include="Dialog\ExportDlg.cpp">
      <Filter>Dialog</Filter>
    </ClCompile>
    <ClCompile Include="Source Files\BitmapHandler.cpp">
      <Filter>Source Files</Filter>
    </ClCompile>
    <ClCompile Include="Source Files\DocView.cpp">
      <Filter>Source Files</Filter>
    </ClCompile>
    <ClCompile Include="Source Files\EliteSoftWare.cpp">
      <Filter>Source Files</Filter>
    </ClCompile>
    <ClCompile Include="Source Files\EliteSoftWare_module.cpp">
      <Filter>Source Files</Filter>
    </ClCompile>
    <ClCompile Include="Source Files\PMPageHandler.cpp">
      <Filter>Source Files</Filter>
    </ClCompile>
    <ClCompile Include="Source Files\stdafx.cpp">
      <Filter>Source Files</Filter>
    </ClCompile>
    <ClCompile Include="Source Files\SwDocument.cpp">
      <Filter>Source Files</Filter>
    </ClCompile>
    <ClCompile Include="Source Files\UserPropertyManagerPage.cpp">
      <Filter>Source Files</Filter>
    </ClCompile>
    <ClCompile Include="EliteSoftWare_i.c">
      <Filter>Generated Files</Filter>
    </ClCompile>
  </ItemGroup>
  <ItemGroup>
    <ClInclude Include="Base\MathBase.h">
      <Filter>Base</Filter>
    </ClInclude>
    <ClInclude Include="Base\PathModel.h">
      <Filter>Base</Filter>
    </ClInclude>
    <ClInclude Include="Dialog\BuildTubeDlg.h">
      <Filter>Dialog</Filter>
    </ClInclude>
    <ClInclude Include="Dialog\CutParamDlg.h">
      <Filter>Dialog</Filter>
    </ClInclude>
    <ClInclude Include="Dialog\ExportDlg.h">
      <Filter>Dialog</Filter>
    </ClInclude>
    <ClInclude Include="Header Files\BitmapHandler.h">
      <Filter>Headers Files</Filter>
    </ClInclude>
    <ClInclude Include="Header Files\DocView.h">
      <Filter>Headers Files</Filter>
    </ClInclude>
    <ClInclude Include="Header Files\EliteSoftWare.h">
      <Filter>Headers Files</Filter>
    </ClInclude>
    <ClInclude Include="Header Files\PMPageHandler.h">
      <Filter>Headers Files</Filter>
    </ClInclude>
    <ClInclude Include="Header Files\SwDocument.h">
      <Filter>Headers Files</Filter>
    </ClInclude>
    <ClInclude Include="Header Files\UserPropertyManagerPage.h">
      <Filter>Headers Files</Filter>
    </ClInclude>
    <ClInclude Include="EliteSoftWare_i.h">
      <Filter>Generated Files</Filter>
    </ClInclude>
    <ClInclude Include="stdafx.h">
      <Filter>Headers Files</Filter>
    </ClInclude>
    <ClInclude Include="Resource\resource.h">
      <Filter>Headers Files</Filter>
    </ClInclude>
  </ItemGroup>
  <ItemGroup>
    <None Include="Resource\BitmapHandler.rgs">
      <Filter>Resource Files</Filter>
    </None>
    <None Include="Resource\DocView.rgs">
      <Filter>Resource Files</Filter>
    </None>
    <None Include="Resource\EliteSoftWare.def">
      <Filter>Resource Files</Filter>
    </None>
    <None Include="Resource\EliteSoftWare.rgs">
      <Filter>Resource Files</Filter>
    </None>
    <None Include="Resource\PMPageHandler.rgs">
      <Filter>Resource Files</Filter>
    </None>
    <None Include="Resource\SwDocument.rgs">
      <Filter>Resource Files</Filter>
    </None>
    <None Include="Resource\UserPropertyManagerPage.rgs">
      <Filter>Resource Files</Filter>
    </None>
    <None Include="Resource\bmp\EliteSoftWare.bmp">
      <Filter>Resource Files</Filter>
    </None>
    <None Include="Resource\bmp\MainIconLarge.bmp">
      <Filter>Resource Files</Filter>
    </None>
    <None Include="Resource\bmp\MainIconSmall.bmp">
      <Filter>Resource Files</Filter>
    </None>
    <None Include="Resource\bmp\toolbar_large.bmp">
      <Filter>Resource Files</Filter>
    </None>
    <None Include="Resource\bmp\toolbar_small.bmp">
      <Filter>Resource Files</Filter>
    </None>
    <None Include="Resource\bmp\ui_hole_build.bmp">
      <Filter>Resource Files</Filter>
    </None>
    <None Include="Resource\bmp\ui_hole_throughang.bmp">
      <Filter>Resource Files</Filter>
    </None>
    <None Include="Resource\bmp\ui_hole_groove.bmp">
      <Filter>Resource Files</Filter>
    </None>
    <None Include="Resource\bmp\ui_hole_groove2.bmp">
      <Filter>Resource Files</Filter>
    </None>
    <None Include="Resource\bmp\ui_hole_groove_ang.bmp">
      <Filter>Resource Files</Filter>
    </None>
  </ItemGroup>
  <ItemGroup>
    <Midl Include="Resource\EliteSoftWare.idl">
      <Filter>Resource Files</Filter>
    </Midl>
  </ItemGroup>
  <ItemGroup>
    <ResourceCompile Include="Resource\EliteSoftWare.rc">
      <Filter>Resource Files</Filter>
    </ResourceCompile>
  </ItemGroup>
</Project>